// !$*UTF8*$!
{
	archiveVersion = 1;
	classes = {
	};
	objectVersion = 46;
	objects = {

/* Begin PBXBuildFile section */
		6006EC021B8FEDED00DFD4D0 /* MPAccountTool.m in Sources */ = {isa = PBXBuildFile; fileRef = 6006EC011B8FEDED00DFD4D0 /* MPAccountTool.m */; };
		6006EC051B8FF54E00DFD4D0 /* UIWindow+Extension.m in Sources */ = {isa = PBXBuildFile; fileRef = 6006EC041B8FF54E00DFD4D0 /* UIWindow+Extension.m */; };
		6006EC081B8FFBFA00DFD4D0 /* MPHomeViewModel.m in Sources */ = {isa = PBXBuildFile; fileRef = 6006EC071B8FFBFA00DFD4D0 /* MPHomeViewModel.m */; };
		6006EC0C1B900C9100DFD4D0 /* MPHomeService.m in Sources */ = {isa = PBXBuildFile; fileRef = 6006EC0B1B900C9100DFD4D0 /* MPHomeService.m */; };
		6006EC1A1B90398000DFD4D0 /* MPTableViewBindingHelper.m in Sources */ = {isa = PBXBuildFile; fileRef = 6006EC191B90398000DFD4D0 /* MPTableViewBindingHelper.m */; };
		6006EC1D1B903A1300DFD4D0 /* MPHomeStatusCell.m in Sources */ = {isa = PBXBuildFile; fileRef = 6006EC1C1B903A1300DFD4D0 /* MPHomeStatusCell.m */; };
		6006EC201B903B6000DFD4D0 /* Status.m in Sources */ = {isa = PBXBuildFile; fileRef = 6006EC1F1B903B6000DFD4D0 /* Status.m */; };
		6006EC231B903CF600DFD4D0 /* User.m in Sources */ = {isa = PBXBuildFile; fileRef = 6006EC221B903CF600DFD4D0 /* User.m */; };
		6006EC261B9045B100DFD4D0 /* StatusResult.m in Sources */ = {isa = PBXBuildFile; fileRef = 6006EC251B9045B100DFD4D0 /* StatusResult.m */; };
		6006EC291B904BB600DFD4D0 /* UITableView+FDTemplateLayoutCell.m in Sources */ = {isa = PBXBuildFile; fileRef = 6006EC281B904BB600DFD4D0 /* UITableView+FDTemplateLayoutCell.m */; };
		600802CE1B9E7FB20029F1C2 /* NSDate+Extension.m in Sources */ = {isa = PBXBuildFile; fileRef = 600802CD1B9E7FB20029F1C2 /* NSDate+Extension.m */; };
		600802D41B9EBA3F0029F1C2 /* MPHomeStatusPhotoView.m in Sources */ = {isa = PBXBuildFile; fileRef = 600802D31B9EBA3F0029F1C2 /* MPHomeStatusPhotoView.m */; };
		600802D71B9EBC930029F1C2 /* MPHomeStatusPhotoViews.m in Sources */ = {isa = PBXBuildFile; fileRef = 600802D61B9EBC930029F1C2 /* MPHomeStatusPhotoViews.m */; };
		600802DF1B9EE98E0029F1C2 /* Apply.m in Sources */ = {isa = PBXBuildFile; fileRef = 600802DA1B9EE98E0029F1C2 /* Apply.m */; };
		600802E01B9EE98E0029F1C2 /* Async.m in Sources */ = {isa = PBXBuildFile; fileRef = 600802DC1B9EE98E0029F1C2 /* Async.m */; };
		600802E11B9EE98E0029F1C2 /* GCD.m in Sources */ = {isa = PBXBuildFile; fileRef = 600802DE1B9EE98E0029F1C2 /* GCD.m */; };
		600802E41B9EED650029F1C2 /* MPUserIconView.m in Sources */ = {isa = PBXBuildFile; fileRef = 600802E31B9EED650029F1C2 /* MPUserIconView.m */; };
		600E55801BA0E43A009B8C13 /* MPComposeToolbar.m in Sources */ = {isa = PBXBuildFile; fileRef = 600E557F1BA0E43A009B8C13 /* MPComposeToolbar.m */; };
		602079CA1B930ABE00ECD17E /* MPHomeCellViewModel.m in Sources */ = {isa = PBXBuildFile; fileRef = 602079C91B930ABE00ECD17E /* MPHomeCellViewModel.m */; };
		60243B5A1B8EDF3300FD62A7 /* MPNewfeatureViewController.m in Sources */ = {isa = PBXBuildFile; fileRef = 60243B591B8EDF3300FD62A7 /* MPNewfeatureViewController.m */; };
		60243B5C1B8EE9D000FD62A7 /* Reveal.framework in Frameworks */ = {isa = PBXBuildFile; fileRef = 60243B5B1B8EE9D000FD62A7 /* Reveal.framework */; };
		60243B851B8EFB0A00FD62A7 /* MPNetworkApi.m in Sources */ = {isa = PBXBuildFile; fileRef = 60243B7A1B8EFB0A00FD62A7 /* MPNetworkApi.m */; };
		60243B8E1B8EFC2200FD62A7 /* MaterialProgress.m in Sources */ = {isa = PBXBuildFile; fileRef = 60243B8D1B8EFC2200FD62A7 /* MaterialProgress.m */; };
		60243B9A1B8F00F500FD62A7 /* RVMViewModel.m in Sources */ = {isa = PBXBuildFile; fileRef = 60243B991B8F00F500FD62A7 /* RVMViewModel.m */; };
		60243B9F1B8F043C00FD62A7 /* MPOAuthViewController.m in Sources */ = {isa = PBXBuildFile; fileRef = 60243B9E1B8F043C00FD62A7 /* MPOAuthViewController.m */; };
		60243BAB1B8F153400FD62A7 /* MPNetworkServicesImpl.m in Sources */ = {isa = PBXBuildFile; fileRef = 60243BAA1B8F153400FD62A7 /* MPNetworkServicesImpl.m */; };
		602D274C1B95547400DD1B5C /* MPHomeStatusNoticeView.m in Sources */ = {isa = PBXBuildFile; fileRef = 602D274B1B95547400DD1B5C /* MPHomeStatusNoticeView.m */; };
		602DFA871B8E650C009A1C8E /* main.m in Sources */ = {isa = PBXBuildFile; fileRef = 602DFA861B8E650C009A1C8E /* main.m */; };
		602DFA901B8E650C009A1C8E /* Main.storyboard in Resources */ = {isa = PBXBuildFile; fileRef = 602DFA8E1B8E650C009A1C8E /* Main.storyboard */; };
		602DFA921B8E650C009A1C8E /* Images.xcassets in Resources */ = {isa = PBXBuildFile; fileRef = 602DFA911B8E650C009A1C8E /* Images.xcassets */; };
		602DFA951B8E650C009A1C8E /* LaunchScreen.xib in Resources */ = {isa = PBXBuildFile; fileRef = 602DFA931B8E650C009A1C8E /* LaunchScreen.xib */; };
		602DFAA11B8E650C009A1C8E /* RAC_SinaProjectTests.m in Sources */ = {isa = PBXBuildFile; fileRef = 602DFAA01B8E650C009A1C8E /* RAC_SinaProjectTests.m */; };
		604F57FA1B9FDE0200A50972 /* MPTabBar.m in Sources */ = {isa = PBXBuildFile; fileRef = 604F57F91B9FDE0200A50972 /* MPTabBar.m */; };
		604F58371BA0097D00A50972 /* MPComposeViewController.m in Sources */ = {isa = PBXBuildFile; fileRef = 604F58321BA0097D00A50972 /* MPComposeViewController.m */; };
		604F583A1BA009C500A50972 /* MPComposeViewModel.m in Sources */ = {isa = PBXBuildFile; fileRef = 604F58391BA009C500A50972 /* MPComposeViewModel.m */; };
		604F583D1BA0154A00A50972 /* MPComposeService.m in Sources */ = {isa = PBXBuildFile; fileRef = 604F583C1BA0154A00A50972 /* MPComposeService.m */; };
		6050F8151B8E9AC5006C5F45 /* MPTabBarViewController.m in Sources */ = {isa = PBXBuildFile; fileRef = 6050F8141B8E9AC5006C5F45 /* MPTabBarViewController.m */; };
		6050F8181B8E9F1B006C5F45 /* UIView+Extension.m in Sources */ = {isa = PBXBuildFile; fileRef = 6050F8171B8E9F1B006C5F45 /* UIView+Extension.m */; };
		6050F81B1B8EA24C006C5F45 /* MPNavigationController.m in Sources */ = {isa = PBXBuildFile; fileRef = 6050F81A1B8EA24C006C5F45 /* MPNavigationController.m */; };
		6050F81E1B8EA71C006C5F45 /* UIBarButtonItem+Extension.m in Sources */ = {isa = PBXBuildFile; fileRef = 6050F81D1B8EA71C006C5F45 /* UIBarButtonItem+Extension.m */; };
		6050F8221B8EAA89006C5F45 /* TestViewController00.m in Sources */ = {isa = PBXBuildFile; fileRef = 6050F8211B8EAA89006C5F45 /* TestViewController00.m */; };
		6050F8251B8EAA9E006C5F45 /* TestViewController01.m in Sources */ = {isa = PBXBuildFile; fileRef = 6050F8241B8EAA9E006C5F45 /* TestViewController01.m */; };
		6050F8281B8EAAAF006C5F45 /* TestViewController02.m in Sources */ = {isa = PBXBuildFile; fileRef = 6050F8271B8EAAAF006C5F45 /* TestViewController02.m */; };
		6050F82B1B8EAEC6006C5F45 /* TestViewController03.m in Sources */ = {isa = PBXBuildFile; fileRef = 6050F82A1B8EAEC6006C5F45 /* TestViewController03.m */; };
		6050F8351B8EB7B3006C5F45 /* MPDiscoverViewController.m in Sources */ = {isa = PBXBuildFile; fileRef = 6050F8341B8EB7B3006C5F45 /* MPDiscoverViewController.m */; };
		6050F83C1B8EB7E6006C5F45 /* MPProfileViewController.m in Sources */ = {isa = PBXBuildFile; fileRef = 6050F8381B8EB7E6006C5F45 /* MPProfileViewController.m */; };
		6050F8401B8EB80C006C5F45 /* MPMessageCenterViewController.m in Sources */ = {isa = PBXBuildFile; fileRef = 6050F83F1B8EB80C006C5F45 /* MPMessageCenterViewController.m */; };
		6050FFCE1B8FCB7D0033733B /* MPAccount.m in Sources */ = {isa = PBXBuildFile; fileRef = 6050FFCD1B8FCB7D0033733B /* MPAccount.m */; };
		6072F93C1B8E730700D47790 /* MPHomeViewController.m in Sources */ = {isa = PBXBuildFile; fileRef = 6072F9371B8E730700D47790 /* MPHomeViewController.m */; };
		6072F93D1B8E730700D47790 /* MPAppDelegate.m in Sources */ = {isa = PBXBuildFile; fileRef = 6072F93B1B8E730700D47790 /* MPAppDelegate.m */; };
		6072F94D1B8E7ABE00D47790 /* UIColor+Extension.m in Sources */ = {isa = PBXBuildFile; fileRef = 6072F94C1B8E7ABE00D47790 /* UIColor+Extension.m */; };
		6097A45B1B9BE1EA0023C0C9 /* MPPermissionUtils.m in Sources */ = {isa = PBXBuildFile; fileRef = 6097A45A1B9BE1EA0023C0C9 /* MPPermissionUtils.m */; };
		6097A45E1B9C094B0023C0C9 /* MPPhoto.m in Sources */ = {isa = PBXBuildFile; fileRef = 6097A45D1B9C094B0023C0C9 /* MPPhoto.m */; };
		ED0A10412877A6135D22ADF4 /* libPods.a in Frameworks */ = {isa = PBXBuildFile; fileRef = 0C38D7A5BD1189B3D00AF55A /* libPods.a */; };
/* End PBXBuildFile section */

/* Begin PBXContainerItemProxy section */
		602DFA9B1B8E650C009A1C8E /* PBXContainerItemProxy */ = {
			isa = PBXContainerItemProxy;
			containerPortal = 602DFA791B8E650C009A1C8E /* Project object */;
			proxyType = 1;
			remoteGlobalIDString = 602DFA801B8E650C009A1C8E;
			remoteInfo = RAC_SinaProject;
		};
/* End PBXContainerItemProxy section */

/* Begin PBXFileReference section */
		0C38D7A5BD1189B3D00AF55A /* libPods.a */ = {isa = PBXFileReference; explicitFileType = archive.ar; includeInIndex = 0; path = libPods.a; sourceTree = BUILT_PRODUCTS_DIR; };
		6006EC001B8FEDED00DFD4D0 /* MPAccountTool.h */ = {isa = PBXFileReference; fileEncoding = 4; lastKnownFileType = sourcecode.c.h; path = MPAccountTool.h; sourceTree = "<group>"; };
		6006EC011B8FEDED00DFD4D0 /* MPAccountTool.m */ = {isa = PBXFileReference; fileEncoding = 4; lastKnownFileType = sourcecode.c.objc; path = MPAccountTool.m; sourceTree = "<group>"; };
		6006EC031B8FF54E00DFD4D0 /* UIWindow+Extension.h */ = {isa = PBXFileReference; fileEncoding = 4; lastKnownFileType = sourcecode.c.h; path = "UIWindow+Extension.h"; sourceTree = "<group>"; };
		6006EC041B8FF54E00DFD4D0 /* UIWindow+Extension.m */ = {isa = PBXFileReference; fileEncoding = 4; lastKnownFileType = sourcecode.c.objc; path = "UIWindow+Extension.m"; sourceTree = "<group>"; };
		6006EC061B8FFBFA00DFD4D0 /* MPHomeViewModel.h */ = {isa = PBXFileReference; fileEncoding = 4; lastKnownFileType = sourcecode.c.h; path = MPHomeViewModel.h; sourceTree = "<group>"; };
		6006EC071B8FFBFA00DFD4D0 /* MPHomeViewModel.m */ = {isa = PBXFileReference; fileEncoding = 4; lastKnownFileType = sourcecode.c.objc; path = MPHomeViewModel.m; sourceTree = "<group>"; };
		6006EC0A1B900C9100DFD4D0 /* MPHomeService.h */ = {isa = PBXFileReference; fileEncoding = 4; lastKnownFileType = sourcecode.c.h; path = MPHomeService.h; sourceTree = "<group>"; };
		6006EC0B1B900C9100DFD4D0 /* MPHomeService.m */ = {isa = PBXFileReference; fileEncoding = 4; lastKnownFileType = sourcecode.c.objc; path = MPHomeService.m; sourceTree = "<group>"; };
		6006EC181B90398000DFD4D0 /* MPTableViewBindingHelper.h */ = {isa = PBXFileReference; fileEncoding = 4; lastKnownFileType = sourcecode.c.h; path = MPTableViewBindingHelper.h; sourceTree = "<group>"; };
		6006EC191B90398000DFD4D0 /* MPTableViewBindingHelper.m */ = {isa = PBXFileReference; fileEncoding = 4; lastKnownFileType = sourcecode.c.objc; path = MPTableViewBindingHelper.m; sourceTree = "<group>"; };
		6006EC1B1B903A1300DFD4D0 /* MPHomeStatusCell.h */ = {isa = PBXFileReference; fileEncoding = 4; lastKnownFileType = sourcecode.c.h; path = MPHomeStatusCell.h; sourceTree = "<group>"; };
		6006EC1C1B903A1300DFD4D0 /* MPHomeStatusCell.m */ = {isa = PBXFileReference; fileEncoding = 4; lastKnownFileType = sourcecode.c.objc; path = MPHomeStatusCell.m; sourceTree = "<group>"; };
		6006EC1E1B903B6000DFD4D0 /* Status.h */ = {isa = PBXFileReference; fileEncoding = 4; lastKnownFileType = sourcecode.c.h; path = Status.h; sourceTree = "<group>"; };
		6006EC1F1B903B6000DFD4D0 /* Status.m */ = {isa = PBXFileReference; fileEncoding = 4; lastKnownFileType = sourcecode.c.objc; path = Status.m; sourceTree = "<group>"; };
		6006EC211B903CF600DFD4D0 /* User.h */ = {isa = PBXFileReference; fileEncoding = 4; lastKnownFileType = sourcecode.c.h; path = User.h; sourceTree = "<group>"; };
		6006EC221B903CF600DFD4D0 /* User.m */ = {isa = PBXFileReference; fileEncoding = 4; lastKnownFileType = sourcecode.c.objc; path = User.m; sourceTree = "<group>"; };
		6006EC241B9045B100DFD4D0 /* StatusResult.h */ = {isa = PBXFileReference; fileEncoding = 4; lastKnownFileType = sourcecode.c.h; path = StatusResult.h; sourceTree = "<group>"; };
		6006EC251B9045B100DFD4D0 /* StatusResult.m */ = {isa = PBXFileReference; fileEncoding = 4; lastKnownFileType = sourcecode.c.objc; path = StatusResult.m; sourceTree = "<group>"; };
		6006EC271B904BB600DFD4D0 /* UITableView+FDTemplateLayoutCell.h */ = {isa = PBXFileReference; fileEncoding = 4; lastKnownFileType = sourcecode.c.h; path = "UITableView+FDTemplateLayoutCell.h"; sourceTree = "<group>"; };
		6006EC281B904BB600DFD4D0 /* UITableView+FDTemplateLayoutCell.m */ = {isa = PBXFileReference; fileEncoding = 4; lastKnownFileType = sourcecode.c.objc; path = "UITableView+FDTemplateLayoutCell.m"; sourceTree = "<group>"; };
		600802CC1B9E7FB20029F1C2 /* NSDate+Extension.h */ = {isa = PBXFileReference; fileEncoding = 4; lastKnownFileType = sourcecode.c.h; path = "NSDate+Extension.h"; sourceTree = "<group>"; };
		600802CD1B9E7FB20029F1C2 /* NSDate+Extension.m */ = {isa = PBXFileReference; fileEncoding = 4; lastKnownFileType = sourcecode.c.objc; path = "NSDate+Extension.m"; sourceTree = "<group>"; };
		600802D21B9EBA3F0029F1C2 /* MPHomeStatusPhotoView.h */ = {isa = PBXFileReference; fileEncoding = 4; lastKnownFileType = sourcecode.c.h; path = MPHomeStatusPhotoView.h; sourceTree = "<group>"; };
		600802D31B9EBA3F0029F1C2 /* MPHomeStatusPhotoView.m */ = {isa = PBXFileReference; fileEncoding = 4; lastKnownFileType = sourcecode.c.objc; path = MPHomeStatusPhotoView.m; sourceTree = "<group>"; };
		600802D51B9EBC930029F1C2 /* MPHomeStatusPhotoViews.h */ = {isa = PBXFileReference; fileEncoding = 4; lastKnownFileType = sourcecode.c.h; path = MPHomeStatusPhotoViews.h; sourceTree = "<group>"; };
		600802D61B9EBC930029F1C2 /* MPHomeStatusPhotoViews.m */ = {isa = PBXFileReference; fileEncoding = 4; lastKnownFileType = sourcecode.c.objc; path = MPHomeStatusPhotoViews.m; sourceTree = "<group>"; };
		600802D91B9EE98E0029F1C2 /* Apply.h */ = {isa = PBXFileReference; fileEncoding = 4; lastKnownFileType = sourcecode.c.h; path = Apply.h; sourceTree = "<group>"; };
		600802DA1B9EE98E0029F1C2 /* Apply.m */ = {isa = PBXFileReference; fileEncoding = 4; lastKnownFileType = sourcecode.c.objc; path = Apply.m; sourceTree = "<group>"; };
		600802DB1B9EE98E0029F1C2 /* Async.h */ = {isa = PBXFileReference; fileEncoding = 4; lastKnownFileType = sourcecode.c.h; path = Async.h; sourceTree = "<group>"; };
		600802DC1B9EE98E0029F1C2 /* Async.m */ = {isa = PBXFileReference; fileEncoding = 4; lastKnownFileType = sourcecode.c.objc; path = Async.m; sourceTree = "<group>"; };
		600802DD1B9EE98E0029F1C2 /* GCD.h */ = {isa = PBXFileReference; fileEncoding = 4; lastKnownFileType = sourcecode.c.h; path = GCD.h; sourceTree = "<group>"; };
		600802DE1B9EE98E0029F1C2 /* GCD.m */ = {isa = PBXFileReference; fileEncoding = 4; lastKnownFileType = sourcecode.c.objc; path = GCD.m; sourceTree = "<group>"; };
		600802E21B9EED650029F1C2 /* MPUserIconView.h */ = {isa = PBXFileReference; fileEncoding = 4; lastKnownFileType = sourcecode.c.h; path = MPUserIconView.h; sourceTree = "<group>"; };
		600802E31B9EED650029F1C2 /* MPUserIconView.m */ = {isa = PBXFileReference; fileEncoding = 4; lastKnownFileType = sourcecode.c.objc; path = MPUserIconView.m; sourceTree = "<group>"; };
		600E557E1BA0E43A009B8C13 /* MPComposeToolbar.h */ = {isa = PBXFileReference; fileEncoding = 4; lastKnownFileType = sourcecode.c.h; path = MPComposeToolbar.h; sourceTree = "<group>"; };
		600E557F1BA0E43A009B8C13 /* MPComposeToolbar.m */ = {isa = PBXFileReference; fileEncoding = 4; lastKnownFileType = sourcecode.c.objc; path = MPComposeToolbar.m; sourceTree = "<group>"; };
		602079C81B930ABE00ECD17E /* MPHomeCellViewModel.h */ = {isa = PBXFileReference; fileEncoding = 4; lastKnownFileType = sourcecode.c.h; path = MPHomeCellViewModel.h; sourceTree = "<group>"; };
		602079C91B930ABE00ECD17E /* MPHomeCellViewModel.m */ = {isa = PBXFileReference; fileEncoding = 4; lastKnownFileType = sourcecode.c.objc; path = MPHomeCellViewModel.m; sourceTree = "<group>"; };
		60243B581B8EDF3300FD62A7 /* MPNewfeatureViewController.h */ = {isa = PBXFileReference; fileEncoding = 4; lastKnownFileType = sourcecode.c.h; path = MPNewfeatureViewController.h; sourceTree = "<group>"; };
		60243B591B8EDF3300FD62A7 /* MPNewfeatureViewController.m */ = {isa = PBXFileReference; fileEncoding = 4; lastKnownFileType = sourcecode.c.objc; path = MPNewfeatureViewController.m; sourceTree = "<group>"; };
		60243B5B1B8EE9D000FD62A7 /* Reveal.framework */ = {isa = PBXFileReference; lastKnownFileType = wrapper.framework; path = Reveal.framework; sourceTree = "<group>"; };
		60243B791B8EFB0A00FD62A7 /* MPNetworkApi.h */ = {isa = PBXFileReference; fileEncoding = 4; lastKnownFileType = sourcecode.c.h; path = MPNetworkApi.h; sourceTree = "<group>"; };
		60243B7A1B8EFB0A00FD62A7 /* MPNetworkApi.m */ = {isa = PBXFileReference; fileEncoding = 4; lastKnownFileType = sourcecode.c.objc; path = MPNetworkApi.m; sourceTree = "<group>"; };
		60243B871B8EFB9600FD62A7 /* Constant.h */ = {isa = PBXFileReference; fileEncoding = 4; lastKnownFileType = sourcecode.c.h; path = Constant.h; sourceTree = "<group>"; };
		60243B8C1B8EFC2200FD62A7 /* MaterialProgress.h */ = {isa = PBXFileReference; fileEncoding = 4; lastKnownFileType = sourcecode.c.h; path = MaterialProgress.h; sourceTree = "<group>"; };
		60243B8D1B8EFC2200FD62A7 /* MaterialProgress.m */ = {isa = PBXFileReference; fileEncoding = 4; lastKnownFileType = sourcecode.c.objc; path = MaterialProgress.m; sourceTree = "<group>"; };
		60243B901B8EFD9F00FD62A7 /* MPNMacros.h */ = {isa = PBXFileReference; fileEncoding = 4; lastKnownFileType = sourcecode.c.h; path = MPNMacros.h; sourceTree = "<group>"; };
		60243B971B8F00F500FD62A7 /* ReactiveViewModel.h */ = {isa = PBXFileReference; fileEncoding = 4; lastKnownFileType = sourcecode.c.h; path = ReactiveViewModel.h; sourceTree = "<group>"; };
		60243B981B8F00F500FD62A7 /* RVMViewModel.h */ = {isa = PBXFileReference; fileEncoding = 4; lastKnownFileType = sourcecode.c.h; path = RVMViewModel.h; sourceTree = "<group>"; };
		60243B991B8F00F500FD62A7 /* RVMViewModel.m */ = {isa = PBXFileReference; fileEncoding = 4; lastKnownFileType = sourcecode.c.objc; path = RVMViewModel.m; sourceTree = "<group>"; };
		60243B9D1B8F043C00FD62A7 /* MPOAuthViewController.h */ = {isa = PBXFileReference; fileEncoding = 4; lastKnownFileType = sourcecode.c.h; path = MPOAuthViewController.h; sourceTree = "<group>"; };
		60243B9E1B8F043C00FD62A7 /* MPOAuthViewController.m */ = {isa = PBXFileReference; fileEncoding = 4; lastKnownFileType = sourcecode.c.objc; path = MPOAuthViewController.m; sourceTree = "<group>"; };
		60243BA21B8F10F500FD62A7 /* ModelServices.h */ = {isa = PBXFileReference; fileEncoding = 4; lastKnownFileType = sourcecode.c.h; path = ModelServices.h; sourceTree = "<group>"; };
		60243BA41B8F115500FD62A7 /* MPReactiveView.h */ = {isa = PBXFileReference; fileEncoding = 4; lastKnownFileType = sourcecode.c.h; path = MPReactiveView.h; sourceTree = "<group>"; };
		60243BA81B8F12A500FD62A7 /* ModelNetwork.h */ = {isa = PBXFileReference; lastKnownFileType = sourcecode.c.h; path = ModelNetwork.h; sourceTree = "<group>"; };
		60243BA91B8F153400FD62A7 /* MPNetworkServicesImpl.h */ = {isa = PBXFileReference; fileEncoding = 4; lastKnownFileType = sourcecode.c.h; name = MPNetworkServicesImpl.h; path = ../ViewModel/MPNetworkServicesImpl.h; sourceTree = "<group>"; };
		60243BAA1B8F153400FD62A7 /* MPNetworkServicesImpl.m */ = {isa = PBXFileReference; fileEncoding = 4; lastKnownFileType = sourcecode.c.objc; name = MPNetworkServicesImpl.m; path = ../ViewModel/MPNetworkServicesImpl.m; sourceTree = "<group>"; };
		602D274A1B95547400DD1B5C /* MPHomeStatusNoticeView.h */ = {isa = PBXFileReference; fileEncoding = 4; lastKnownFileType = sourcecode.c.h; path = MPHomeStatusNoticeView.h; sourceTree = "<group>"; };
		602D274B1B95547400DD1B5C /* MPHomeStatusNoticeView.m */ = {isa = PBXFileReference; fileEncoding = 4; lastKnownFileType = sourcecode.c.objc; path = MPHomeStatusNoticeView.m; sourceTree = "<group>"; };
		602DFA811B8E650C009A1C8E /* RAC_SinaProject.app */ = {isa = PBXFileReference; explicitFileType = wrapper.application; includeInIndex = 0; path = RAC_SinaProject.app; sourceTree = BUILT_PRODUCTS_DIR; };
		602DFA851B8E650C009A1C8E /* Info.plist */ = {isa = PBXFileReference; lastKnownFileType = text.plist.xml; path = Info.plist; sourceTree = "<group>"; };
		602DFA861B8E650C009A1C8E /* main.m */ = {isa = PBXFileReference; lastKnownFileType = sourcecode.c.objc; path = main.m; sourceTree = "<group>"; };
		602DFA8F1B8E650C009A1C8E /* Base */ = {isa = PBXFileReference; lastKnownFileType = file.storyboard; name = Base; path = Base.lproj/Main.storyboard; sourceTree = "<group>"; };
		602DFA911B8E650C009A1C8E /* Images.xcassets */ = {isa = PBXFileReference; lastKnownFileType = folder.assetcatalog; path = Images.xcassets; sourceTree = "<group>"; };
		602DFA941B8E650C009A1C8E /* Base */ = {isa = PBXFileReference; lastKnownFileType = file.xib; name = Base; path = Base.lproj/LaunchScreen.xib; sourceTree = "<group>"; };
		602DFA9A1B8E650C009A1C8E /* RAC_SinaProjectTests.xctest */ = {isa = PBXFileReference; explicitFileType = wrapper.cfbundle; includeInIndex = 0; path = RAC_SinaProjectTests.xctest; sourceTree = BUILT_PRODUCTS_DIR; };
		602DFA9F1B8E650C009A1C8E /* Info.plist */ = {isa = PBXFileReference; lastKnownFileType = text.plist.xml; path = Info.plist; sourceTree = "<group>"; };
		602DFAA01B8E650C009A1C8E /* RAC_SinaProjectTests.m */ = {isa = PBXFileReference; lastKnownFileType = sourcecode.c.objc; path = RAC_SinaProjectTests.m; sourceTree = "<group>"; };
		604F57F81B9FDE0200A50972 /* MPTabBar.h */ = {isa = PBXFileReference; fileEncoding = 4; lastKnownFileType = sourcecode.c.h; path = MPTabBar.h; sourceTree = "<group>"; };
		604F57F91B9FDE0200A50972 /* MPTabBar.m */ = {isa = PBXFileReference; fileEncoding = 4; lastKnownFileType = sourcecode.c.objc; path = MPTabBar.m; sourceTree = "<group>"; };
		604F58311BA0097D00A50972 /* MPComposeViewController.h */ = {isa = PBXFileReference; fileEncoding = 4; lastKnownFileType = sourcecode.c.h; path = MPComposeViewController.h; sourceTree = "<group>"; };
		604F58321BA0097D00A50972 /* MPComposeViewController.m */ = {isa = PBXFileReference; fileEncoding = 4; lastKnownFileType = sourcecode.c.objc; path = MPComposeViewController.m; sourceTree = "<group>"; };
		604F58381BA009C500A50972 /* MPComposeViewModel.h */ = {isa = PBXFileReference; fileEncoding = 4; lastKnownFileType = sourcecode.c.h; path = MPComposeViewModel.h; sourceTree = "<group>"; };
		604F58391BA009C500A50972 /* MPComposeViewModel.m */ = {isa = PBXFileReference; fileEncoding = 4; lastKnownFileType = sourcecode.c.objc; path = MPComposeViewModel.m; sourceTree = "<group>"; };
		604F583B1BA0154A00A50972 /* MPComposeService.h */ = {isa = PBXFileReference; fileEncoding = 4; lastKnownFileType = sourcecode.c.h; path = MPComposeService.h; sourceTree = "<group>"; };
		604F583C1BA0154A00A50972 /* MPComposeService.m */ = {isa = PBXFileReference; fileEncoding = 4; lastKnownFileType = sourcecode.c.objc; path = MPComposeService.m; sourceTree = "<group>"; };
		6050F8131B8E9AC5006C5F45 /* MPTabBarViewController.h */ = {isa = PBXFileReference; fileEncoding = 4; lastKnownFileType = sourcecode.c.h; path = MPTabBarViewController.h; sourceTree = "<group>"; };
		6050F8141B8E9AC5006C5F45 /* MPTabBarViewController.m */ = {isa = PBXFileReference; fileEncoding = 4; lastKnownFileType = sourcecode.c.objc; path = MPTabBarViewController.m; sourceTree = "<group>"; };
		6050F8161B8E9F1B006C5F45 /* UIView+Extension.h */ = {isa = PBXFileReference; fileEncoding = 4; lastKnownFileType = sourcecode.c.h; path = "UIView+Extension.h"; sourceTree = "<group>"; };
		6050F8171B8E9F1B006C5F45 /* UIView+Extension.m */ = {isa = PBXFileReference; fileEncoding = 4; lastKnownFileType = sourcecode.c.objc; path = "UIView+Extension.m"; sourceTree = "<group>"; };
		6050F8191B8EA24C006C5F45 /* MPNavigationController.h */ = {isa = PBXFileReference; fileEncoding = 4; lastKnownFileType = sourcecode.c.h; path = MPNavigationController.h; sourceTree = "<group>"; };
		6050F81A1B8EA24C006C5F45 /* MPNavigationController.m */ = {isa = PBXFileReference; fileEncoding = 4; lastKnownFileType = sourcecode.c.objc; path = MPNavigationController.m; sourceTree = "<group>"; };
		6050F81C1B8EA71C006C5F45 /* UIBarButtonItem+Extension.h */ = {isa = PBXFileReference; fileEncoding = 4; lastKnownFileType = sourcecode.c.h; path = "UIBarButtonItem+Extension.h"; sourceTree = "<group>"; };
		6050F81D1B8EA71C006C5F45 /* UIBarButtonItem+Extension.m */ = {isa = PBXFileReference; fileEncoding = 4; lastKnownFileType = sourcecode.c.objc; path = "UIBarButtonItem+Extension.m"; sourceTree = "<group>"; };
		6050F8201B8EAA89006C5F45 /* TestViewController00.h */ = {isa = PBXFileReference; fileEncoding = 4; lastKnownFileType = sourcecode.c.h; path = TestViewController00.h; sourceTree = "<group>"; };
		6050F8211B8EAA89006C5F45 /* TestViewController00.m */ = {isa = PBXFileReference; fileEncoding = 4; lastKnownFileType = sourcecode.c.objc; path = TestViewController00.m; sourceTree = "<group>"; };
		6050F8231B8EAA9E006C5F45 /* TestViewController01.h */ = {isa = PBXFileReference; fileEncoding = 4; lastKnownFileType = sourcecode.c.h; path = TestViewController01.h; sourceTree = "<group>"; };
		6050F8241B8EAA9E006C5F45 /* TestViewController01.m */ = {isa = PBXFileReference; fileEncoding = 4; lastKnownFileType = sourcecode.c.objc; path = TestViewController01.m; sourceTree = "<group>"; };
		6050F8261B8EAAAF006C5F45 /* TestViewController02.h */ = {isa = PBXFileReference; fileEncoding = 4; lastKnownFileType = sourcecode.c.h; path = TestViewController02.h; sourceTree = "<group>"; };
		6050F8271B8EAAAF006C5F45 /* TestViewController02.m */ = {isa = PBXFileReference; fileEncoding = 4; lastKnownFileType = sourcecode.c.objc; path = TestViewController02.m; sourceTree = "<group>"; };
		6050F8291B8EAEC6006C5F45 /* TestViewController03.h */ = {isa = PBXFileReference; fileEncoding = 4; lastKnownFileType = sourcecode.c.h; path = TestViewController03.h; sourceTree = "<group>"; };
		6050F82A1B8EAEC6006C5F45 /* TestViewController03.m */ = {isa = PBXFileReference; fileEncoding = 4; lastKnownFileType = sourcecode.c.objc; path = TestViewController03.m; sourceTree = "<group>"; };
		6050F8331B8EB7B3006C5F45 /* MPDiscoverViewController.h */ = {isa = PBXFileReference; fileEncoding = 4; lastKnownFileType = sourcecode.c.h; path = MPDiscoverViewController.h; sourceTree = "<group>"; };
		6050F8341B8EB7B3006C5F45 /* MPDiscoverViewController.m */ = {isa = PBXFileReference; fileEncoding = 4; lastKnownFileType = sourcecode.c.objc; path = MPDiscoverViewController.m; sourceTree = "<group>"; };
		6050F8371B8EB7E6006C5F45 /* MPProfileViewController.h */ = {isa = PBXFileReference; fileEncoding = 4; lastKnownFileType = sourcecode.c.h; path = MPProfileViewController.h; sourceTree = "<group>"; };
		6050F8381B8EB7E6006C5F45 /* MPProfileViewController.m */ = {isa = PBXFileReference; fileEncoding = 4; lastKnownFileType = sourcecode.c.objc; path = MPProfileViewController.m; sourceTree = "<group>"; };
		6050F83E1B8EB80C006C5F45 /* MPMessageCenterViewController.h */ = {isa = PBXFileReference; fileEncoding = 4; lastKnownFileType = sourcecode.c.h; path = MPMessageCenterViewController.h; sourceTree = "<group>"; };
		6050F83F1B8EB80C006C5F45 /* MPMessageCenterViewController.m */ = {isa = PBXFileReference; fileEncoding = 4; lastKnownFileType = sourcecode.c.objc; path = MPMessageCenterViewController.m; sourceTree = "<group>"; };
		6050FFCC1B8FCB7D0033733B /* MPAccount.h */ = {isa = PBXFileReference; fileEncoding = 4; lastKnownFileType = sourcecode.c.h; path = MPAccount.h; sourceTree = "<group>"; };
		6050FFCD1B8FCB7D0033733B /* MPAccount.m */ = {isa = PBXFileReference; fileEncoding = 4; lastKnownFileType = sourcecode.c.objc; path = MPAccount.m; sourceTree = "<group>"; };
		6072F9361B8E730700D47790 /* MPHomeViewController.h */ = {isa = PBXFileReference; fileEncoding = 4; lastKnownFileType = sourcecode.c.h; path = MPHomeViewController.h; sourceTree = "<group>"; };
		6072F9371B8E730700D47790 /* MPHomeViewController.m */ = {isa = PBXFileReference; fileEncoding = 4; lastKnownFileType = sourcecode.c.objc; path = MPHomeViewController.m; sourceTree = "<group>"; };
		6072F93A1B8E730700D47790 /* MPAppDelegate.h */ = {isa = PBXFileReference; fileEncoding = 4; lastKnownFileType = sourcecode.c.h; path = MPAppDelegate.h; sourceTree = "<group>"; };
		6072F93B1B8E730700D47790 /* MPAppDelegate.m */ = {isa = PBXFileReference; fileEncoding = 4; lastKnownFileType = sourcecode.c.objc; path = MPAppDelegate.m; sourceTree = "<group>"; };
		6072F94B1B8E7ABE00D47790 /* UIColor+Extension.h */ = {isa = PBXFileReference; fileEncoding = 4; lastKnownFileType = sourcecode.c.h; path = "UIColor+Extension.h"; sourceTree = "<group>"; };
		6072F94C1B8E7ABE00D47790 /* UIColor+Extension.m */ = {isa = PBXFileReference; fileEncoding = 4; lastKnownFileType = sourcecode.c.objc; path = "UIColor+Extension.m"; sourceTree = "<group>"; };
		6097A4591B9BE1EA0023C0C9 /* MPPermissionUtils.h */ = {isa = PBXFileReference; fileEncoding = 4; lastKnownFileType = sourcecode.c.h; path = MPPermissionUtils.h; sourceTree = "<group>"; };
		6097A45A1B9BE1EA0023C0C9 /* MPPermissionUtils.m */ = {isa = PBXFileReference; fileEncoding = 4; lastKnownFileType = sourcecode.c.objc; path = MPPermissionUtils.m; sourceTree = "<group>"; };
		6097A45C1B9C094B0023C0C9 /* MPPhoto.h */ = {isa = PBXFileReference; fileEncoding = 4; lastKnownFileType = sourcecode.c.h; path = MPPhoto.h; sourceTree = "<group>"; };
		6097A45D1B9C094B0023C0C9 /* MPPhoto.m */ = {isa = PBXFileReference; fileEncoding = 4; lastKnownFileType = sourcecode.c.objc; path = MPPhoto.m; sourceTree = "<group>"; };
		94A2777195F0056108B20C2E /* Pods.debug.xcconfig */ = {isa = PBXFileReference; includeInIndex = 1; lastKnownFileType = text.xcconfig; name = Pods.debug.xcconfig; path = "Pods/Target Support Files/Pods/Pods.debug.xcconfig"; sourceTree = "<group>"; };
		EDA20434B8364C3915FAAD33 /* Pods.release.xcconfig */ = {isa = PBXFileReference; includeInIndex = 1; lastKnownFileType = text.xcconfig; name = Pods.release.xcconfig; path = "Pods/Target Support Files/Pods/Pods.release.xcconfig"; sourceTree = "<group>"; };
/* End PBXFileReference section */

/* Begin PBXFrameworksBuildPhase section */
		602DFA7E1B8E650C009A1C8E /* Frameworks */ = {
			isa = PBXFrameworksBuildPhase;
			buildActionMask = 2147483647;
			files = (
				ED0A10412877A6135D22ADF4 /* libPods.a in Frameworks */,
				60243B5C1B8EE9D000FD62A7 /* Reveal.framework in Frameworks */,
			);
			runOnlyForDeploymentPostprocessing = 0;
		};
		602DFA971B8E650C009A1C8E /* Frameworks */ = {
			isa = PBXFrameworksBuildPhase;
			buildActionMask = 2147483647;
			files = (
			);
			runOnlyForDeploymentPostprocessing = 0;
		};
/* End PBXFrameworksBuildPhase section */

/* Begin PBXGroup section */
		21C54B16C87608FD3973B01D /* Frameworks */ = {
			isa = PBXGroup;
			children = (
				0C38D7A5BD1189B3D00AF55A /* libPods.a */,
			);
			name = Frameworks;
			sourceTree = "<group>";
		};
		6006EBFF1B8FEDD600DFD4D0 /* Tools */ = {
			isa = PBXGroup;
			children = (
				6006EC001B8FEDED00DFD4D0 /* MPAccountTool.h */,
				6006EC011B8FEDED00DFD4D0 /* MPAccountTool.m */,
			);
			path = Tools;
			sourceTree = "<group>";
		};
		6006EC091B900C5500DFD4D0 /* Service */ = {
			isa = PBXGroup;
			children = (
				6006EC0A1B900C9100DFD4D0 /* MPHomeService.h */,
				6006EC0B1B900C9100DFD4D0 /* MPHomeService.m */,
			);
			path = Service;
			sourceTree = "<group>";
		};
		6006EC171B90393900DFD4D0 /* TableViewHelper */ = {
			isa = PBXGroup;
			children = (
				6006EC181B90398000DFD4D0 /* MPTableViewBindingHelper.h */,
				6006EC191B90398000DFD4D0 /* MPTableViewBindingHelper.m */,
			);
			path = TableViewHelper;
			sourceTree = "<group>";
		};
		600802D81B9EE98E0029F1C2 /* Async */ = {
			isa = PBXGroup;
			children = (
				600802D91B9EE98E0029F1C2 /* Apply.h */,
				600802DA1B9EE98E0029F1C2 /* Apply.m */,
				600802DB1B9EE98E0029F1C2 /* Async.h */,
				600802DC1B9EE98E0029F1C2 /* Async.m */,
				600802DD1B9EE98E0029F1C2 /* GCD.h */,
				600802DE1B9EE98E0029F1C2 /* GCD.m */,
			);
			path = Async;
			sourceTree = "<group>";
		};
		60243B531B8EDF0D00FD62A7 /* Newfeature(新特性) */ = {
			isa = PBXGroup;
			children = (
				60243B541B8EDF0D00FD62A7 /* Controller */,
				60243B551B8EDF0D00FD62A7 /* Model */,
				60243B561B8EDF0D00FD62A7 /* VIew */,
				60243B571B8EDF0D00FD62A7 /* ViewModel */,
			);
			path = "Newfeature(新特性)";
			sourceTree = "<group>";
		};
		60243B541B8EDF0D00FD62A7 /* Controller */ = {
			isa = PBXGroup;
			children = (
				60243B581B8EDF3300FD62A7 /* MPNewfeatureViewController.h */,
				60243B591B8EDF3300FD62A7 /* MPNewfeatureViewController.m */,
			);
			path = Controller;
			sourceTree = "<group>";
		};
		60243B551B8EDF0D00FD62A7 /* Model */ = {
			isa = PBXGroup;
			children = (
			);
			path = Model;
			sourceTree = "<group>";
		};
		60243B561B8EDF0D00FD62A7 /* VIew */ = {
			isa = PBXGroup;
			children = (
			);
			path = VIew;
			sourceTree = "<group>";
		};
		60243B571B8EDF0D00FD62A7 /* ViewModel */ = {
			isa = PBXGroup;
			children = (
			);
			path = ViewModel;
			sourceTree = "<group>";
		};
		60243B5D1B8EFB0A00FD62A7 /* Networking */ = {
			isa = PBXGroup;
			children = (
				60243B791B8EFB0A00FD62A7 /* MPNetworkApi.h */,
				60243B7A1B8EFB0A00FD62A7 /* MPNetworkApi.m */,
			);
			path = Networking;
			sourceTree = "<group>";
		};
		60243B861B8EFB7C00FD62A7 /* Constant */ = {
			isa = PBXGroup;
			children = (
				60243B901B8EFD9F00FD62A7 /* MPNMacros.h */,
				60243B871B8EFB9600FD62A7 /* Constant.h */,
			);
			path = Constant;
			sourceTree = "<group>";
		};
		60243B8A1B8EFC0400FD62A7 /* View */ = {
			isa = PBXGroup;
			children = (
				60243BA31B8F115500FD62A7 /* Protocol */,
				60243B8B1B8EFC2200FD62A7 /* Progress */,
				6006EC171B90393900DFD4D0 /* TableViewHelper */,
				600802E21B9EED650029F1C2 /* MPUserIconView.h */,
				600802E31B9EED650029F1C2 /* MPUserIconView.m */,
				604F57F81B9FDE0200A50972 /* MPTabBar.h */,
				604F57F91B9FDE0200A50972 /* MPTabBar.m */,
			);
			path = View;
			sourceTree = "<group>";
		};
		60243B8B1B8EFC2200FD62A7 /* Progress */ = {
			isa = PBXGroup;
			children = (
				60243B8C1B8EFC2200FD62A7 /* MaterialProgress.h */,
				60243B8D1B8EFC2200FD62A7 /* MaterialProgress.m */,
			);
			path = Progress;
			sourceTree = "<group>";
		};
		60243B961B8F00F500FD62A7 /* ReactiveViewModel */ = {
			isa = PBXGroup;
			children = (
				60243B971B8F00F500FD62A7 /* ReactiveViewModel.h */,
				60243B981B8F00F500FD62A7 /* RVMViewModel.h */,
				60243B991B8F00F500FD62A7 /* RVMViewModel.m */,
			);
			path = ReactiveViewModel;
			sourceTree = "<group>";
		};
		60243B9B1B8F041B00FD62A7 /* OAuth(授权) */ = {
			isa = PBXGroup;
			children = (
				60243B9C1B8F041B00FD62A7 /* Controller */,
				6050FFCB1B8FCB600033733B /* Model */,
				6006EBFF1B8FEDD600DFD4D0 /* Tools */,
			);
			path = "OAuth(授权)";
			sourceTree = "<group>";
		};
		60243B9C1B8F041B00FD62A7 /* Controller */ = {
			isa = PBXGroup;
			children = (
				60243B9D1B8F043C00FD62A7 /* MPOAuthViewController.h */,
				60243B9E1B8F043C00FD62A7 /* MPOAuthViewController.m */,
			);
			path = Controller;
			sourceTree = "<group>";
		};
		60243BA01B8F10F500FD62A7 /* ViewModel */ = {
			isa = PBXGroup;
			children = (
				60243BA11B8F10F500FD62A7 /* Protocol */,
			);
			path = ViewModel;
			sourceTree = "<group>";
		};
		60243BA11B8F10F500FD62A7 /* Protocol */ = {
			isa = PBXGroup;
			children = (
				60243BA81B8F12A500FD62A7 /* ModelNetwork.h */,
				60243BA21B8F10F500FD62A7 /* ModelServices.h */,
			);
			path = Protocol;
			sourceTree = "<group>";
		};
		60243BA31B8F115500FD62A7 /* Protocol */ = {
			isa = PBXGroup;
			children = (
				60243BA41B8F115500FD62A7 /* MPReactiveView.h */,
			);
			path = Protocol;
			sourceTree = "<group>";
		};
		60243BAC1B8F155800FD62A7 /* Model */ = {
			isa = PBXGroup;
			children = (
				60243BA91B8F153400FD62A7 /* MPNetworkServicesImpl.h */,
				60243BAA1B8F153400FD62A7 /* MPNetworkServicesImpl.m */,
			);
			path = Model;
			sourceTree = "<group>";
		};
		602DFA781B8E650C009A1C8E = {
			isa = PBXGroup;
			children = (
				60243B5B1B8EE9D000FD62A7 /* Reveal.framework */,
				602DFA831B8E650C009A1C8E /* RAC_SinaProject */,
				602DFA9D1B8E650C009A1C8E /* RAC_SinaProjectTests */,
				602DFA821B8E650C009A1C8E /* Products */,
				9B65F92342EA611443C66882 /* Pods */,
				21C54B16C87608FD3973B01D /* Frameworks */,
			);
			sourceTree = "<group>";
		};
		602DFA821B8E650C009A1C8E /* Products */ = {
			isa = PBXGroup;
			children = (
				602DFA811B8E650C009A1C8E /* RAC_SinaProject.app */,
				602DFA9A1B8E650C009A1C8E /* RAC_SinaProjectTests.xctest */,
			);
			name = Products;
			sourceTree = "<group>";
		};
		602DFA831B8E650C009A1C8E /* RAC_SinaProject */ = {
			isa = PBXGroup;
			children = (
				6072F9331B8E730700D47790 /* Classes */,
				602DFA8E1B8E650C009A1C8E /* Main.storyboard */,
				602DFA911B8E650C009A1C8E /* Images.xcassets */,
				602DFA931B8E650C009A1C8E /* LaunchScreen.xib */,
				602DFA841B8E650C009A1C8E /* Supporting Files */,
			);
			path = RAC_SinaProject;
			sourceTree = "<group>";
		};
		602DFA841B8E650C009A1C8E /* Supporting Files */ = {
			isa = PBXGroup;
			children = (
				602DFA851B8E650C009A1C8E /* Info.plist */,
				602DFA861B8E650C009A1C8E /* main.m */,
			);
			name = "Supporting Files";
			sourceTree = "<group>";
		};
		602DFA9D1B8E650C009A1C8E /* RAC_SinaProjectTests */ = {
			isa = PBXGroup;
			children = (
				602DFAA01B8E650C009A1C8E /* RAC_SinaProjectTests.m */,
				602DFA9E1B8E650C009A1C8E /* Supporting Files */,
			);
			path = RAC_SinaProjectTests;
			sourceTree = "<group>";
		};
		602DFA9E1B8E650C009A1C8E /* Supporting Files */ = {
			isa = PBXGroup;
			children = (
				602DFA9F1B8E650C009A1C8E /* Info.plist */,
			);
			name = "Supporting Files";
			sourceTree = "<group>";
		};
		604F582C1BA008E300A50972 /* Compose(发微博) */ = {
			isa = PBXGroup;
			children = (
				604F58331BA0097D00A50972 /* Model */,
				604F58341BA0097D00A50972 /* View */,
				604F58351BA0097D00A50972 /* ViewModel */,
				604F58301BA0097D00A50972 /* Controller */,
			);
			path = "Compose(发微博)";
			sourceTree = "<group>";
		};
		604F58301BA0097D00A50972 /* Controller */ = {
			isa = PBXGroup;
			children = (
				604F58311BA0097D00A50972 /* MPComposeViewController.h */,
				604F58321BA0097D00A50972 /* MPComposeViewController.m */,
			);
			path = Controller;
			sourceTree = "<group>";
		};
		604F58331BA0097D00A50972 /* Model */ = {
			isa = PBXGroup;
			children = (
			);
			path = Model;
			sourceTree = "<group>";
		};
		604F58341BA0097D00A50972 /* View */ = {
			isa = PBXGroup;
			children = (
				600E557E1BA0E43A009B8C13 /* MPComposeToolbar.h */,
				600E557F1BA0E43A009B8C13 /* MPComposeToolbar.m */,
			);
			path = View;
			sourceTree = "<group>";
		};
		604F58351BA0097D00A50972 /* ViewModel */ = {
			isa = PBXGroup;
			children = (
				604F58361BA0097D00A50972 /* Service */,
				604F58381BA009C500A50972 /* MPComposeViewModel.h */,
				604F58391BA009C500A50972 /* MPComposeViewModel.m */,
			);
			path = ViewModel;
			sourceTree = "<group>";
		};
		604F58361BA0097D00A50972 /* Service */ = {
			isa = PBXGroup;
			children = (
				604F583B1BA0154A00A50972 /* MPComposeService.h */,
				604F583C1BA0154A00A50972 /* MPComposeService.m */,
			);
			path = Service;
			sourceTree = "<group>";
		};
		6050F8111B8E9A7F006C5F45 /* Controller */ = {
			isa = PBXGroup;
			children = (
				6050F8131B8E9AC5006C5F45 /* MPTabBarViewController.h */,
				6050F8141B8E9AC5006C5F45 /* MPTabBarViewController.m */,
				6050F8191B8EA24C006C5F45 /* MPNavigationController.h */,
				6050F81A1B8EA24C006C5F45 /* MPNavigationController.m */,
			);
			path = Controller;
			sourceTree = "<group>";
		};
		6050F8121B8E9A87006C5F45 /* Lib */ = {
			isa = PBXGroup;
			children = (
				600802D81B9EE98E0029F1C2 /* Async */,
				60243B961B8F00F500FD62A7 /* ReactiveViewModel */,
				60243B5D1B8EFB0A00FD62A7 /* Networking */,
			);
			path = Lib;
			sourceTree = "<group>";
		};
		6050F81F1B8EAA56006C5F45 /* Temp(临时) */ = {
			isa = PBXGroup;
			children = (
				6050F8201B8EAA89006C5F45 /* TestViewController00.h */,
				6050F8211B8EAA89006C5F45 /* TestViewController00.m */,
				6050F8231B8EAA9E006C5F45 /* TestViewController01.h */,
				6050F8241B8EAA9E006C5F45 /* TestViewController01.m */,
				6050F8261B8EAAAF006C5F45 /* TestViewController02.h */,
				6050F8271B8EAAAF006C5F45 /* TestViewController02.m */,
				6050F8291B8EAEC6006C5F45 /* TestViewController03.h */,
				6050F82A1B8EAEC6006C5F45 /* TestViewController03.m */,
			);
			path = "Temp(临时)";
			sourceTree = "<group>";
		};
		6050F82C1B8EB77E006C5F45 /* Model */ = {
			isa = PBXGroup;
			children = (
				6006EC1E1B903B6000DFD4D0 /* Status.h */,
				6006EC1F1B903B6000DFD4D0 /* Status.m */,
				6006EC211B903CF600DFD4D0 /* User.h */,
				6006EC221B903CF600DFD4D0 /* User.m */,
				6006EC241B9045B100DFD4D0 /* StatusResult.h */,
				6006EC251B9045B100DFD4D0 /* StatusResult.m */,
				6097A45C1B9C094B0023C0C9 /* MPPhoto.h */,
				6097A45D1B9C094B0023C0C9 /* MPPhoto.m */,
			);
			path = Model;
			sourceTree = "<group>";
		};
		6050F82D1B8EB77E006C5F45 /* View */ = {
			isa = PBXGroup;
			children = (
				6006EC1B1B903A1300DFD4D0 /* MPHomeStatusCell.h */,
				6006EC1C1B903A1300DFD4D0 /* MPHomeStatusCell.m */,
				602D274A1B95547400DD1B5C /* MPHomeStatusNoticeView.h */,
				602D274B1B95547400DD1B5C /* MPHomeStatusNoticeView.m */,
				600802D21B9EBA3F0029F1C2 /* MPHomeStatusPhotoView.h */,
				600802D31B9EBA3F0029F1C2 /* MPHomeStatusPhotoView.m */,
				600802D51B9EBC930029F1C2 /* MPHomeStatusPhotoViews.h */,
				600802D61B9EBC930029F1C2 /* MPHomeStatusPhotoViews.m */,
			);
			path = View;
			sourceTree = "<group>";
		};
		6050F82E1B8EB77E006C5F45 /* ViewModel */ = {
			isa = PBXGroup;
			children = (
				6006EC061B8FFBFA00DFD4D0 /* MPHomeViewModel.h */,
				6006EC071B8FFBFA00DFD4D0 /* MPHomeViewModel.m */,
				602079C81B930ABE00ECD17E /* MPHomeCellViewModel.h */,
				602079C91B930ABE00ECD17E /* MPHomeCellViewModel.m */,
			);
			path = ViewModel;
			sourceTree = "<group>";
		};
		6050F82F1B8EB798006C5F45 /* Model */ = {
			isa = PBXGroup;
			children = (
			);
			path = Model;
			sourceTree = "<group>";
		};
		6050F8301B8EB798006C5F45 /* View */ = {
			isa = PBXGroup;
			children = (
			);
			path = View;
			sourceTree = "<group>";
		};
		6050F8311B8EB798006C5F45 /* ViewModel */ = {
			isa = PBXGroup;
			children = (
			);
			path = ViewModel;
			sourceTree = "<group>";
		};
		6050F8321B8EB7B3006C5F45 /* Controller */ = {
			isa = PBXGroup;
			children = (
				6050F8331B8EB7B3006C5F45 /* MPDiscoverViewController.h */,
				6050F8341B8EB7B3006C5F45 /* MPDiscoverViewController.m */,
			);
			path = Controller;
			sourceTree = "<group>";
		};
		6050F8361B8EB7E6006C5F45 /* Controller */ = {
			isa = PBXGroup;
			children = (
				6050F8371B8EB7E6006C5F45 /* MPProfileViewController.h */,
				6050F8381B8EB7E6006C5F45 /* MPProfileViewController.m */,
			);
			path = Controller;
			sourceTree = "<group>";
		};
		6050F8391B8EB7E6006C5F45 /* Model */ = {
			isa = PBXGroup;
			children = (
			);
			path = Model;
			sourceTree = "<group>";
		};
		6050F83A1B8EB7E6006C5F45 /* View */ = {
			isa = PBXGroup;
			children = (
			);
			path = View;
			sourceTree = "<group>";
		};
		6050F83B1B8EB7E6006C5F45 /* ViewModel */ = {
			isa = PBXGroup;
			children = (
			);
			path = ViewModel;
			sourceTree = "<group>";
		};
		6050F83D1B8EB80C006C5F45 /* Controller */ = {
			isa = PBXGroup;
			children = (
				6050F83E1B8EB80C006C5F45 /* MPMessageCenterViewController.h */,
				6050F83F1B8EB80C006C5F45 /* MPMessageCenterViewController.m */,
			);
			path = Controller;
			sourceTree = "<group>";
		};
		6050F8411B8EB816006C5F45 /* Model */ = {
			isa = PBXGroup;
			children = (
			);
			path = Model;
			sourceTree = "<group>";
		};
		6050F8421B8EB816006C5F45 /* View */ = {
			isa = PBXGroup;
			children = (
			);
			path = View;
			sourceTree = "<group>";
		};
		6050F8431B8EB816006C5F45 /* ViewModel */ = {
			isa = PBXGroup;
			children = (
			);
			path = ViewModel;
			sourceTree = "<group>";
		};
		6050FFCB1B8FCB600033733B /* Model */ = {
			isa = PBXGroup;
			children = (
				6050FFCC1B8FCB7D0033733B /* MPAccount.h */,
				6050FFCD1B8FCB7D0033733B /* MPAccount.m */,
			);
			path = Model;
			sourceTree = "<group>";
		};
		6072F9331B8E730700D47790 /* Classes */ = {
			isa = PBXGroup;
			children = (
				604F582C1BA008E300A50972 /* Compose(发微博) */,
				60243B9B1B8F041B00FD62A7 /* OAuth(授权) */,
				60243B531B8EDF0D00FD62A7 /* Newfeature(新特性) */,
				6072F9341B8E730700D47790 /* Home(首页) */,
				6072F9461B8E75AA00D47790 /* MessageCenter(消息) */,
				6072F9421B8E757900D47790 /* Profile(我) */,
				6072F93E1B8E751A00D47790 /* Discover(发现) */,
				6072F9381B8E730700D47790 /* Main(主要) */,
				6050F81F1B8EAA56006C5F45 /* Temp(临时) */,
			);
			path = Classes;
			sourceTree = "<group>";
		};
		6072F9341B8E730700D47790 /* Home(首页) */ = {
			isa = PBXGroup;
			children = (
				6050F82C1B8EB77E006C5F45 /* Model */,
				6050F82D1B8EB77E006C5F45 /* View */,
				6006EC091B900C5500DFD4D0 /* Service */,
				6050F82E1B8EB77E006C5F45 /* ViewModel */,
				6072F9351B8E730700D47790 /* Controller */,
			);
			path = "Home(首页)";
			sourceTree = "<group>";
		};
		6072F9351B8E730700D47790 /* Controller */ = {
			isa = PBXGroup;
			children = (
				6072F9361B8E730700D47790 /* MPHomeViewController.h */,
				6072F9371B8E730700D47790 /* MPHomeViewController.m */,
			);
			path = Controller;
			sourceTree = "<group>";
		};
		6072F9381B8E730700D47790 /* Main(主要) */ = {
			isa = PBXGroup;
			children = (
				60243B861B8EFB7C00FD62A7 /* Constant */,
				6050F8111B8E9A7F006C5F45 /* Controller */,
				6072F94A1B8E7A8100D47790 /* Category */,
				6072F9391B8E730700D47790 /* Other */,
				6050F8121B8E9A87006C5F45 /* Lib */,
				6097A4551B9BE1710023C0C9 /* Utils */,
				60243BAC1B8F155800FD62A7 /* Model */,
				60243BA01B8F10F500FD62A7 /* ViewModel */,
				60243B8A1B8EFC0400FD62A7 /* View */,
			);
			path = "Main(主要)";
			sourceTree = "<group>";
		};
		6072F9391B8E730700D47790 /* Other */ = {
			isa = PBXGroup;
			children = (
				6072F93A1B8E730700D47790 /* MPAppDelegate.h */,
				6072F93B1B8E730700D47790 /* MPAppDelegate.m */,
			);
			path = Other;
			sourceTree = "<group>";
		};
		6072F93E1B8E751A00D47790 /* Discover(发现) */ = {
			isa = PBXGroup;
			children = (
				6050F82F1B8EB798006C5F45 /* Model */,
				6050F8301B8EB798006C5F45 /* View */,
				6050F8311B8EB798006C5F45 /* ViewModel */,
				6050F8321B8EB7B3006C5F45 /* Controller */,
			);
			path = "Discover(发现)";
			sourceTree = "<group>";
		};
		6072F9421B8E757900D47790 /* Profile(我) */ = {
			isa = PBXGroup;
			children = (
				6050F8391B8EB7E6006C5F45 /* Model */,
				6050F83A1B8EB7E6006C5F45 /* View */,
				6050F83B1B8EB7E6006C5F45 /* ViewModel */,
				6050F8361B8EB7E6006C5F45 /* Controller */,
			);
			path = "Profile(我)";
			sourceTree = "<group>";
		};
		6072F9461B8E75AA00D47790 /* MessageCenter(消息) */ = {
			isa = PBXGroup;
			children = (
				6050F8411B8EB816006C5F45 /* Model */,
				6050F8421B8EB816006C5F45 /* View */,
				6050F8431B8EB816006C5F45 /* ViewModel */,
				6050F83D1B8EB80C006C5F45 /* Controller */,
			);
			path = "MessageCenter(消息)";
			sourceTree = "<group>";
		};
		6072F94A1B8E7A8100D47790 /* Category */ = {
			isa = PBXGroup;
			children = (
				6072F94B1B8E7ABE00D47790 /* UIColor+Extension.h */,
				6072F94C1B8E7ABE00D47790 /* UIColor+Extension.m */,
				6050F8161B8E9F1B006C5F45 /* UIView+Extension.h */,
				6050F8171B8E9F1B006C5F45 /* UIView+Extension.m */,
				6050F81C1B8EA71C006C5F45 /* UIBarButtonItem+Extension.h */,
				6050F81D1B8EA71C006C5F45 /* UIBarButtonItem+Extension.m */,
				6006EC271B904BB600DFD4D0 /* UITableView+FDTemplateLayoutCell.h */,
				6006EC281B904BB600DFD4D0 /* UITableView+FDTemplateLayoutCell.m */,
				6006EC031B8FF54E00DFD4D0 /* UIWindow+Extension.h */,
				6006EC041B8FF54E00DFD4D0 /* UIWindow+Extension.m */,
				600802CC1B9E7FB20029F1C2 /* NSDate+Extension.h */,
				600802CD1B9E7FB20029F1C2 /* NSDate+Extension.m */,
			);
			path = Category;
			sourceTree = "<group>";
		};
		6097A4551B9BE1710023C0C9 /* Utils */ = {
			isa = PBXGroup;
			children = (
				6097A4591B9BE1EA0023C0C9 /* MPPermissionUtils.h */,
				6097A45A1B9BE1EA0023C0C9 /* MPPermissionUtils.m */,
			);
			path = Utils;
			sourceTree = "<group>";
		};
		9B65F92342EA611443C66882 /* Pods */ = {
			isa = PBXGroup;
			children = (
				94A2777195F0056108B20C2E /* Pods.debug.xcconfig */,
				EDA20434B8364C3915FAAD33 /* Pods.release.xcconfig */,
			);
			name = Pods;
			sourceTree = "<group>";
		};
/* End PBXGroup section */

/* Begin PBXNativeTarget section */
		602DFA801B8E650C009A1C8E /* RAC_SinaProject */ = {
			isa = PBXNativeTarget;
			buildConfigurationList = 602DFAA41B8E650C009A1C8E /* Build configuration list for PBXNativeTarget "RAC_SinaProject" */;
			buildPhases = (
				985F707EF886A45C39C2DF8A /* Check Pods Manifest.lock */,
				602DFA7D1B8E650C009A1C8E /* Sources */,
				602DFA7E1B8E650C009A1C8E /* Frameworks */,
				602DFA7F1B8E650C009A1C8E /* Resources */,
				C6358FD12F41E385FC4F80C3 /* Copy Pods Resources */,
			);
			buildRules = (
			);
			dependencies = (
			);
			name = RAC_SinaProject;
			productName = RAC_SinaProject;
			productReference = 602DFA811B8E650C009A1C8E /* RAC_SinaProject.app */;
			productType = "com.apple.product-type.application";
		};
		602DFA991B8E650C009A1C8E /* RAC_SinaProjectTests */ = {
			isa = PBXNativeTarget;
			buildConfigurationList = 602DFAA71B8E650C009A1C8E /* Build configuration list for PBXNativeTarget "RAC_SinaProjectTests" */;
			buildPhases = (
				602DFA961B8E650C009A1C8E /* Sources */,
				602DFA971B8E650C009A1C8E /* Frameworks */,
				602DFA981B8E650C009A1C8E /* Resources */,
			);
			buildRules = (
			);
			dependencies = (
				602DFA9C1B8E650C009A1C8E /* PBXTargetDependency */,
			);
			name = RAC_SinaProjectTests;
			productName = RAC_SinaProjectTests;
			productReference = 602DFA9A1B8E650C009A1C8E /* RAC_SinaProjectTests.xctest */;
			productType = "com.apple.product-type.bundle.unit-test";
		};
/* End PBXNativeTarget section */

/* Begin PBXProject section */
		602DFA791B8E650C009A1C8E /* Project object */ = {
			isa = PBXProject;
			attributes = {
				LastUpgradeCheck = 0630;
				ORGANIZATIONNAME = MeePwn;
				TargetAttributes = {
					602DFA801B8E650C009A1C8E = {
						CreatedOnToolsVersion = 6.3.1;
					};
					602DFA991B8E650C009A1C8E = {
						CreatedOnToolsVersion = 6.3.1;
						TestTargetID = 602DFA801B8E650C009A1C8E;
					};
				};
			};
			buildConfigurationList = 602DFA7C1B8E650C009A1C8E /* Build configuration list for PBXProject "RAC_SinaProject" */;
			compatibilityVersion = "Xcode 3.2";
			developmentRegion = English;
			hasScannedForEncodings = 0;
			knownRegions = (
				en,
				Base,
			);
			mainGroup = 602DFA781B8E650C009A1C8E;
			productRefGroup = 602DFA821B8E650C009A1C8E /* Products */;
			projectDirPath = "";
			projectRoot = "";
			targets = (
				602DFA801B8E650C009A1C8E /* RAC_SinaProject */,
				602DFA991B8E650C009A1C8E /* RAC_SinaProjectTests */,
			);
		};
/* End PBXProject section */

/* Begin PBXResourcesBuildPhase section */
		602DFA7F1B8E650C009A1C8E /* Resources */ = {
			isa = PBXResourcesBuildPhase;
			buildActionMask = 2147483647;
			files = (
				602DFA901B8E650C009A1C8E /* Main.storyboard in Resources */,
				602DFA951B8E650C009A1C8E /* LaunchScreen.xib in Resources */,
				602DFA921B8E650C009A1C8E /* Images.xcassets in Resources */,
			);
			runOnlyForDeploymentPostprocessing = 0;
		};
		602DFA981B8E650C009A1C8E /* Resources */ = {
			isa = PBXResourcesBuildPhase;
			buildActionMask = 2147483647;
			files = (
			);
			runOnlyForDeploymentPostprocessing = 0;
		};
/* End PBXResourcesBuildPhase section */

/* Begin PBXShellScriptBuildPhase section */
		985F707EF886A45C39C2DF8A /* Check Pods Manifest.lock */ = {
			isa = PBXShellScriptBuildPhase;
			buildActionMask = 2147483647;
			files = (
			);
			inputPaths = (
			);
			name = "Check Pods Manifest.lock";
			outputPaths = (
			);
			runOnlyForDeploymentPostprocessing = 0;
			shellPath = /bin/sh;
			shellScript = "diff \"${PODS_ROOT}/../Podfile.lock\" \"${PODS_ROOT}/Manifest.lock\" > /dev/null\nif [[ $? != 0 ]] ; then\n    cat << EOM\nerror: The sandbox is not in sync with the Podfile.lock. Run 'pod install' or update your CocoaPods installation.\nEOM\n    exit 1\nfi\n";
			showEnvVarsInLog = 0;
		};
		C6358FD12F41E385FC4F80C3 /* Copy Pods Resources */ = {
			isa = PBXShellScriptBuildPhase;
			buildActionMask = 2147483647;
			files = (
			);
			inputPaths = (
			);
			name = "Copy Pods Resources";
			outputPaths = (
			);
			runOnlyForDeploymentPostprocessing = 0;
			shellPath = /bin/sh;
			shellScript = "\"${SRCROOT}/Pods/Target Support Files/Pods/Pods-resources.sh\"\n";
			showEnvVarsInLog = 0;
		};
/* End PBXShellScriptBuildPhase section */

/* Begin PBXSourcesBuildPhase section */
		602DFA7D1B8E650C009A1C8E /* Sources */ = {
			isa = PBXSourcesBuildPhase;
			buildActionMask = 2147483647;
			files = (
				600802E01B9EE98E0029F1C2 /* Async.m in Sources */,
				604F583D1BA0154A00A50972 /* MPComposeService.m in Sources */,
				600802D71B9EBC930029F1C2 /* MPHomeStatusPhotoViews.m in Sources */,
				6006EC231B903CF600DFD4D0 /* User.m in Sources */,
				6050F8251B8EAA9E006C5F45 /* TestViewController01.m in Sources */,
				60243B8E1B8EFC2200FD62A7 /* MaterialProgress.m in Sources */,
				6050FFCE1B8FCB7D0033733B /* MPAccount.m in Sources */,
				60243B9A1B8F00F500FD62A7 /* RVMViewModel.m in Sources */,
				6006EC081B8FFBFA00DFD4D0 /* MPHomeViewModel.m in Sources */,
				6050F8181B8E9F1B006C5F45 /* UIView+Extension.m in Sources */,
				6050F83C1B8EB7E6006C5F45 /* MPProfileViewController.m in Sources */,
				600802D41B9EBA3F0029F1C2 /* MPHomeStatusPhotoView.m in Sources */,
				6097A45E1B9C094B0023C0C9 /* MPPhoto.m in Sources */,
				6072F93C1B8E730700D47790 /* MPHomeViewController.m in Sources */,
				6050F8351B8EB7B3006C5F45 /* MPDiscoverViewController.m in Sources */,
				6050F8151B8E9AC5006C5F45 /* MPTabBarViewController.m in Sources */,
				6072F94D1B8E7ABE00D47790 /* UIColor+Extension.m in Sources */,
				6050F81E1B8EA71C006C5F45 /* UIBarButtonItem+Extension.m in Sources */,
				6050F8281B8EAAAF006C5F45 /* TestViewController02.m in Sources */,
				60243B5A1B8EDF3300FD62A7 /* MPNewfeatureViewController.m in Sources */,
				6006EC261B9045B100DFD4D0 /* StatusResult.m in Sources */,
				600802E41B9EED650029F1C2 /* MPUserIconView.m in Sources */,
				600802E11B9EE98E0029F1C2 /* GCD.m in Sources */,
				602D274C1B95547400DD1B5C /* MPHomeStatusNoticeView.m in Sources */,
				6006EC201B903B6000DFD4D0 /* Status.m in Sources */,
				6006EC051B8FF54E00DFD4D0 /* UIWindow+Extension.m in Sources */,
				6097A45B1B9BE1EA0023C0C9 /* MPPermissionUtils.m in Sources */,
				604F57FA1B9FDE0200A50972 /* MPTabBar.m in Sources */,
				6050F8221B8EAA89006C5F45 /* TestViewController00.m in Sources */,
				60243BAB1B8F153400FD62A7 /* MPNetworkServicesImpl.m in Sources */,
				6006EC0C1B900C9100DFD4D0 /* MPHomeService.m in Sources */,
				60243B851B8EFB0A00FD62A7 /* MPNetworkApi.m in Sources */,
				6050F82B1B8EAEC6006C5F45 /* TestViewController03.m in Sources */,
				600802DF1B9EE98E0029F1C2 /* Apply.m in Sources */,
				6006EC021B8FEDED00DFD4D0 /* MPAccountTool.m in Sources */,
				600E55801BA0E43A009B8C13 /* MPComposeToolbar.m in Sources */,
				602DFA871B8E650C009A1C8E /* main.m in Sources */,
				6050F81B1B8EA24C006C5F45 /* MPNavigationController.m in Sources */,
				6072F93D1B8E730700D47790 /* MPAppDelegate.m in Sources */,
				6050F8401B8EB80C006C5F45 /* MPMessageCenterViewController.m in Sources */,
				6006EC1A1B90398000DFD4D0 /* MPTableViewBindingHelper.m in Sources */,
				60243B9F1B8F043C00FD62A7 /* MPOAuthViewController.m in Sources */,
				600802CE1B9E7FB20029F1C2 /* NSDate+Extension.m in Sources */,
				6006EC1D1B903A1300DFD4D0 /* MPHomeStatusCell.m in Sources */,
				602079CA1B930ABE00ECD17E /* MPHomeCellViewModel.m in Sources */,
				6006EC291B904BB600DFD4D0 /* UITableView+FDTemplateLayoutCell.m in Sources */,
				604F583A1BA009C500A50972 /* MPComposeViewModel.m in Sources */,
				604F58371BA0097D00A50972 /* MPComposeViewController.m in Sources */,
			);
			runOnlyForDeploymentPostprocessing = 0;
		};
		602DFA961B8E650C009A1C8E /* Sources */ = {
			isa = PBXSourcesBuildPhase;
			buildActionMask = 2147483647;
			files = (
				602DFAA11B8E650C009A1C8E /* RAC_SinaProjectTests.m in Sources */,
			);
			runOnlyForDeploymentPostprocessing = 0;
		};
/* End PBXSourcesBuildPhase section */

/* Begin PBXTargetDependency section */
		602DFA9C1B8E650C009A1C8E /* PBXTargetDependency */ = {
			isa = PBXTargetDependency;
			target = 602DFA801B8E650C009A1C8E /* RAC_SinaProject */;
			targetProxy = 602DFA9B1B8E650C009A1C8E /* PBXContainerItemProxy */;
		};
/* End PBXTargetDependency section */

/* Begin PBXVariantGroup section */
		602DFA8E1B8E650C009A1C8E /* Main.storyboard */ = {
			isa = PBXVariantGroup;
			children = (
				602DFA8F1B8E650C009A1C8E /* Base */,
			);
			name = Main.storyboard;
			sourceTree = "<group>";
		};
		602DFA931B8E650C009A1C8E /* LaunchScreen.xib */ = {
			isa = PBXVariantGroup;
			children = (
				602DFA941B8E650C009A1C8E /* Base */,
			);
			name = LaunchScreen.xib;
			sourceTree = "<group>";
		};
/* End PBXVariantGroup section */

/* Begin XCBuildConfiguration section */
		602DFAA21B8E650C009A1C8E /* Debug */ = {
			isa = XCBuildConfiguration;
			buildSettings = {
				ALWAYS_SEARCH_USER_PATHS = NO;
				CLANG_CXX_LANGUAGE_STANDARD = "gnu++0x";
				CLANG_CXX_LIBRARY = "libc++";
				CLANG_ENABLE_MODULES = YES;
				CLANG_ENABLE_OBJC_ARC = YES;
				CLANG_WARN_BOOL_CONVERSION = YES;
				CLANG_WARN_CONSTANT_CONVERSION = YES;
				CLANG_WARN_DIRECT_OBJC_ISA_USAGE = YES_ERROR;
				CLANG_WARN_EMPTY_BODY = YES;
				CLANG_WARN_ENUM_CONVERSION = YES;
				CLANG_WARN_INT_CONVERSION = YES;
				CLANG_WARN_OBJC_ROOT_CLASS = YES_ERROR;
				CLANG_WARN_UNREACHABLE_CODE = YES;
				CLANG_WARN__DUPLICATE_METHOD_MATCH = YES;
				"CODE_SIGN_IDENTITY[sdk=iphoneos*]" = "iPhone Developer";
				COPY_PHASE_STRIP = NO;
				DEBUG_INFORMATION_FORMAT = "dwarf-with-dsym";
				ENABLE_STRICT_OBJC_MSGSEND = YES;
				GCC_C_LANGUAGE_STANDARD = gnu99;
				GCC_DYNAMIC_NO_PIC = NO;
				GCC_NO_COMMON_BLOCKS = YES;
				GCC_OPTIMIZATION_LEVEL = 0;
				GCC_PREPROCESSOR_DEFINITIONS = (
					"DEBUG=1",
					"$(inherited)",
				);
				GCC_SYMBOLS_PRIVATE_EXTERN = NO;
				GCC_WARN_64_TO_32_BIT_CONVERSION = YES;
				GCC_WARN_ABOUT_RETURN_TYPE = YES_ERROR;
				GCC_WARN_UNDECLARED_SELECTOR = YES;
				GCC_WARN_UNINITIALIZED_AUTOS = YES_AGGRESSIVE;
				GCC_WARN_UNUSED_FUNCTION = YES;
				GCC_WARN_UNUSED_VARIABLE = YES;
				IPHONEOS_DEPLOYMENT_TARGET = 8.3;
				MTL_ENABLE_DEBUG_INFO = YES;
				ONLY_ACTIVE_ARCH = YES;
				SDKROOT = iphoneos;
			};
			name = Debug;
		};
		602DFAA31B8E650C009A1C8E /* Release */ = {
			isa = XCBuildConfiguration;
			buildSettings = {
				ALWAYS_SEARCH_USER_PATHS = NO;
				CLANG_CXX_LANGUAGE_STANDARD = "gnu++0x";
				CLANG_CXX_LIBRARY = "libc++";
				CLANG_ENABLE_MODULES = YES;
				CLANG_ENABLE_OBJC_ARC = YES;
				CLANG_WARN_BOOL_CONVERSION = YES;
				CLANG_WARN_CONSTANT_CONVERSION = YES;
				CLANG_WARN_DIRECT_OBJC_ISA_USAGE = YES_ERROR;
				CLANG_WARN_EMPTY_BODY = YES;
				CLANG_WARN_ENUM_CONVERSION = YES;
				CLANG_WARN_INT_CONVERSION = YES;
				CLANG_WARN_OBJC_ROOT_CLASS = YES_ERROR;
				CLANG_WARN_UNREACHABLE_CODE = YES;
				CLANG_WARN__DUPLICATE_METHOD_MATCH = YES;
				"CODE_SIGN_IDENTITY[sdk=iphoneos*]" = "iPhone Developer";
				COPY_PHASE_STRIP = NO;
				DEBUG_INFORMATION_FORMAT = "dwarf-with-dsym";
				ENABLE_NS_ASSERTIONS = NO;
				ENABLE_STRICT_OBJC_MSGSEND = YES;
				GCC_C_LANGUAGE_STANDARD = gnu99;
				GCC_NO_COMMON_BLOCKS = YES;
				GCC_WARN_64_TO_32_BIT_CONVERSION = YES;
				GCC_WARN_ABOUT_RETURN_TYPE = YES_ERROR;
				GCC_WARN_UNDECLARED_SELECTOR = YES;
				GCC_WARN_UNINITIALIZED_AUTOS = YES_AGGRESSIVE;
				GCC_WARN_UNUSED_FUNCTION = YES;
				GCC_WARN_UNUSED_VARIABLE = YES;
				IPHONEOS_DEPLOYMENT_TARGET = 8.3;
				MTL_ENABLE_DEBUG_INFO = NO;
				SDKROOT = iphoneos;
				VALIDATE_PRODUCT = YES;
			};
			name = Release;
		};
		602DFAA51B8E650C009A1C8E /* Debug */ = {
			isa = XCBuildConfiguration;
			baseConfigurationReference = 94A2777195F0056108B20C2E /* Pods.debug.xcconfig */;
			buildSettings = {
				ASSETCATALOG_COMPILER_APPICON_NAME = AppIcon;
				FRAMEWORK_SEARCH_PATHS = (
					"$(inherited)",
					"$(PROJECT_DIR)",
				);
				INFOPLIST_FILE = RAC_SinaProject/Info.plist;
				LD_RUNPATH_SEARCH_PATHS = "$(inherited) @executable_path/Frameworks";
				OTHER_LDFLAGS = (
					"$(inherited)",
					"-ObjC",
					"-l\"Pods-AFNetworking\"",
					"-l\"Pods-AsyncDisplayKit\"",
					"-l\"Pods-BlocksKit\"",
					"-l\"Pods-MJExtension\"",
					"-l\"Pods-MJRefresh\"",
					"-l\"Pods-Masonry\"",
					"-l\"Pods-ReactiveCocoa\"",
					"-l\"Pods-SDWebImage\"",
					"-l\"c++\"",
					"-framework",
					"\"AssetsLibrary\"",
					"-framework",
					"\"CoreGraphics\"",
					"-framework",
					"\"Foundation\"",
					"-framework",
					"\"ImageIO\"",
					"-framework",
					"\"MessageUI\"",
					"-framework",
					"\"MobileCoreServices\"",
					"-framework",
					"\"Security\"",
					"-framework",
					"\"SystemConfiguration\"",
					"-framework",
					"\"UIKit\"",
					"-weak_framework",
					"\"Photos\"",
					"-ObjC",
					"-lz",
					"-framework",
					Reveal,
				);
				PRODUCT_NAME = "$(TARGET_NAME)";
			};
			name = Debug;
		};
		602DFAA61B8E650C009A1C8E /* Release */ = {
			isa = XCBuildConfiguration;
			baseConfigurationReference = EDA20434B8364C3915FAAD33 /* Pods.release.xcconfig */;
			buildSettings = {
				ASSETCATALOG_COMPILER_APPICON_NAME = AppIcon;
				FRAMEWORK_SEARCH_PATHS = (
					"$(inherited)",
					"$(PROJECT_DIR)",
				);
				INFOPLIST_FILE = RAC_SinaProject/Info.plist;
				LD_RUNPATH_SEARCH_PATHS = "$(inherited) @executable_path/Frameworks";
				OTHER_LDFLAGS = (
					"$(inherited)",
					"-ObjC",
					"-l\"Pods-AFNetworking\"",
					"-l\"Pods-AsyncDisplayKit\"",
					"-l\"Pods-BlocksKit\"",
					"-l\"Pods-MJExtension\"",
					"-l\"Pods-MJRefresh\"",
					"-l\"Pods-Masonry\"",
					"-l\"Pods-ReactiveCocoa\"",
					"-l\"Pods-SDWebImage\"",
					"-l\"c++\"",
					"-framework",
					"\"AssetsLibrary\"",
					"-framework",
					"\"CoreGraphics\"",
					"-framework",
					"\"Foundation\"",
					"-framework",
					"\"ImageIO\"",
					"-framework",
					"\"MessageUI\"",
					"-framework",
					"\"MobileCoreServices\"",
					"-framework",
					"\"Security\"",
					"-framework",
					"\"SystemConfiguration\"",
					"-framework",
					"\"UIKit\"",
					"-weak_framework",
					"\"Photos\"",
					"-ObjC",
					"-lz",
					"-framework",
					Reveal,
				);
				PRODUCT_NAME = "$(TARGET_NAME)";
			};
			name = Release;
		};
		602DFAA81B8E650C009A1C8E /* Debug */ = {
			isa = XCBuildConfiguration;
			buildSettings = {
				BUNDLE_LOADER = "$(TEST_HOST)";
				FRAMEWORK_SEARCH_PATHS = (
					"$(SDKROOT)/Developer/Library/Frameworks",
					"$(inherited)",
				);
				GCC_PREPROCESSOR_DEFINITIONS = (
					"DEBUG=1",
					"$(inherited)",
				);
				INFOPLIST_FILE = RAC_SinaProjectTests/Info.plist;
				LD_RUNPATH_SEARCH_PATHS = "$(inherited) @executable_path/Frameworks @loader_path/Frameworks";
				PRODUCT_NAME = "$(TARGET_NAME)";
				TEST_HOST = "$(BUILT_PRODUCTS_DIR)/RAC_SinaProject.app/RAC_SinaProject";
			};
			name = Debug;
		};
		602DFAA91B8E650C009A1C8E /* Release */ = {
			isa = XCBuildConfiguration;
			buildSettings = {
				BUNDLE_LOADER = "$(TEST_HOST)";
				FRAMEWORK_SEARCH_PATHS = (
					"$(SDKROOT)/Developer/Library/Frameworks",
					"$(inherited)",
				);
				INFOPLIST_FILE = RAC_SinaProjectTests/Info.plist;
				LD_RUNPATH_SEARCH_PATHS = "$(inherited) @executable_path/Frameworks @loader_path/Frameworks";
				PRODUCT_NAME = "$(TARGET_NAME)";
				TEST_HOST = "$(BUILT_PRODUCTS_DIR)/RAC_SinaProject.app/RAC_SinaProject";
			};
			name = Release;
		};
/* End XCBuildConfiguration section */

/* Begin XCConfigurationList section */
		602DFA7C1B8E650C009A1C8E /* Build configuration list for PBXProject "RAC_SinaProject" */ = {
			isa = XCConfigurationList;
			buildConfigurations = (
				602DFAA21B8E650C009A1C8E /* Debug */,
				602DFAA31B8E650C009A1C8E /* Release */,
			);
			defaultConfigurationIsVisible = 0;
			defaultConfigurationName = Release;
		};
		602DFAA41B8E650C009A1C8E /* Build configuration list for PBXNativeTarget "RAC_SinaProject" */ = {
			isa = XCConfigurationList;
			buildConfigurations = (
				602DFAA51B8E650C009A1C8E /* Debug */,
				602DFAA61B8E650C009A1C8E /* Release */,
			);
			defaultConfigurationIsVisible = 0;
			defaultConfigurationName = Release;
		};
		602DFAA71B8E650C009A1C8E /* Build configuration list for PBXNativeTarget "RAC_SinaProjectTests" */ = {
			isa = XCConfigurationList;
			buildConfigurations = (
				602DFAA81B8E650C009A1C8E /* Debug */,
				602DFAA91B8E650C009A1C8E /* Release */,
			);
			defaultConfigurationIsVisible = 0;
			defaultConfigurationName = Release;
		};
/* End XCConfigurationList section */
	};
	rootObject = 602DFA791B8E650C009A1C8E /* Project object */;
}
